
Microsoft Visual Studio Solution File, Format Version 12.00
# Visual Studio Version 16
VisualStudioVersion = 16.0.29613.14
MinimumVisualStudioVersion = 10.0.40219.1
Project("{FAE04EC0-301F-11D3-BF4B-00C04F79EFBC}") = "NovaSystem1.0", "NovaSystem1.0\NovaSystem1.0.csproj", "{7D67A061-D2AF-4F85-833E-E1AE28E7F91C}"
EndProject
Global
	GlobalSection(SolutionConfigurationPlatforms) = preSolution
		Debug|Any CPU = Debug|Any CPU
		Release|Any CPU = Release|Any CPU
	EndGlobalSection
	GlobalSection(ProjectConfigurationPlatforms) = postSolution
		{7D67A061-D2AF-4F85-833E-E1AE28E7F91C}.Debug|Any CPU.ActiveCfg = Debug|Any CPU
		{7D67A061-D2AF-4F85-833E-E1AE28E7F91C}.Debug|Any CPU.Build.0 = Debug|Any CPU
		{7D67A061-D2AF-4F85-833E-E1AE28E7F91C}.Release|Any CPU.ActiveCfg = Release|Any CPU
		{7D67A061-D2AF-4F85-833E-E1AE28E7F91C}.Release|Any CPU.Build.0 = Release|Any CPU
	EndGlobalSection
	GlobalSection(SolutionProperties) = preSolution
		HideSolutionNode = FALSE
	EndGlobalSection
	GlobalSection(ExtensibilityGlobals) = postSolution
		SolutionGuid = {DC04727B-A149-4AFC-AC5F-3383408C2A2E}
	EndGlobalSection
EndGlobal
